
Microsoft Visual Studio Solution File, Format Version 12.00
# Visual Studio Version 17
VisualStudioVersion = 17.5.33530.505
MinimumVisualStudioVersion = 10.0.40219.1
Project("{FAE04EC0-301F-11D3-BF4B-00C04F79EFBC}") = "Api", "Api\Api.csproj", "{39881574-2A97-4DA8-90A3-B9310B9DA958}"
EndProject
Project("{FAE04EC0-301F-11D3-BF4B-00C04F79EFBC}") = "Functions", "Functions\Functions.csproj", "{4AA7C8FA-899E-4FB8-A1CF-D7D1B7546841}"
EndProject
Project("{FAE04EC0-301F-11D3-BF4B-00C04F79EFBC}") = "Services", "Services\Services.csproj", "{103AA555-3784-40AC-8971-5DF2BE0E9C66}"
EndProject
Global
	GlobalSection(SolutionConfigurationPlatforms) = preSolution
		Debug|Any CPU = Debug|Any CPU
		Release|Any CPU = Release|Any CPU
	EndGlobalSection
	GlobalSection(ProjectConfigurationPlatforms) = postSolution
		{39881574-2A97-4DA8-90A3-B9310B9DA958}.Debug|Any CPU.ActiveCfg = Debug|Any CPU
		{39881574-2A97-4DA8-90A3-B9310B9DA958}.Debug|Any CPU.Build.0 = Debug|Any CPU
		{39881574-2A97-4DA8-90A3-B9310B9DA958}.Release|Any CPU.ActiveCfg = Release|Any CPU
		{39881574-2A97-4DA8-90A3-B9310B9DA958}.Release|Any CPU.Build.0 = Release|Any CPU
		{4AA7C8FA-899E-4FB8-A1CF-D7D1B7546841}.Debug|Any CPU.ActiveCfg = Debug|Any CPU
		{4AA7C8FA-899E-4FB8-A1CF-D7D1B7546841}.Debug|Any CPU.Build.0 = Debug|Any CPU
		{4AA7C8FA-899E-4FB8-A1CF-D7D1B7546841}.Release|Any CPU.ActiveCfg = Release|Any CPU
		{4AA7C8FA-899E-4FB8-A1CF-D7D1B7546841}.Release|Any CPU.Build.0 = Release|Any CPU
		{103AA555-3784-40AC-8971-5DF2BE0E9C66}.Debug|Any CPU.ActiveCfg = Debug|Any CPU
		{103AA555-3784-40AC-8971-5DF2BE0E9C66}.Debug|Any CPU.Build.0 = Debug|Any CPU
		{103AA555-3784-40AC-8971-5DF2BE0E9C66}.Release|Any CPU.ActiveCfg = Release|Any CPU
		{103AA555-3784-40AC-8971-5DF2BE0E9C66}.Release|Any CPU.Build.0 = Release|Any CPU
	EndGlobalSection
	GlobalSection(SolutionProperties) = preSolution
		HideSolutionNode = FALSE
	EndGlobalSection
	GlobalSection(ExtensibilityGlobals) = postSolution
		SolutionGuid = {7802E060-B32E-4264-9413-5BDD29EBC352}
	EndGlobalSection
EndGlobal
