
Microsoft Visual Studio Solution File, Format Version 12.00
# Visual Studio Version 17
VisualStudioVersion = 17.5.33530.505
MinimumVisualStudioVersion = 10.0.40219.1
Project("{FAE04EC0-301F-11D3-BF4B-00C04F79EFBC}") = "Api", "Api\Api.csproj", "{39881574-2A97-4DA8-90A3-B9310B9DA958}"
EndProject
Project("{FAE04EC0-301F-11D3-BF4B-00C04F79EFBC}") = "Functions", "Functions\Functions.csproj", "{4AA7C8FA-899E-4FB8-A1CF-D7D1B7546841}"
EndProject
Project("{FAE04EC0-301F-11D3-BF4B-00C04F79EFBC}") = "Api.Services", "Api.Services\Api.Services.csproj", "{83B3F47D-5378-4F0B-BF22-14218A273155}"
EndProject
Project("{FAE04EC0-301F-11D3-BF4B-00C04F79EFBC}") = "Functions.Services", "Functions.Services\Functions.Services.csproj", "{3CBFA80D-DE54-4FD7-A6F2-AA0B2E84C907}"
EndProject
Project("{FAE04EC0-301F-11D3-BF4B-00C04F79EFBC}") = "Migrations", "Migrations\Migrations.csproj", "{ADC52445-6C9F-468B-9220-5FB06B14EB9F}"
EndProject
Project("{FAE04EC0-301F-11D3-BF4B-00C04F79EFBC}") = "Shared.Services", "Shared.Services\Shared.Services.csproj", "{95E88A67-12B3-49E1-B7B5-F6AB29D3DD35}"
EndProject
Project("{FAE04EC0-301F-11D3-BF4B-00C04F79EFBC}") = "Data", "Data\Data.csproj", "{311C3FA5-007E-4370-82C1-E8453733D124}"
EndProject
Global
	GlobalSection(SolutionConfigurationPlatforms) = preSolution
		Debug|Any CPU = Debug|Any CPU
		Release|Any CPU = Release|Any CPU
	EndGlobalSection
	GlobalSection(ProjectConfigurationPlatforms) = postSolution
		{39881574-2A97-4DA8-90A3-B9310B9DA958}.Debug|Any CPU.ActiveCfg = Debug|Any CPU
		{39881574-2A97-4DA8-90A3-B9310B9DA958}.Debug|Any CPU.Build.0 = Debug|Any CPU
		{39881574-2A97-4DA8-90A3-B9310B9DA958}.Release|Any CPU.ActiveCfg = Release|Any CPU
		{39881574-2A97-4DA8-90A3-B9310B9DA958}.Release|Any CPU.Build.0 = Release|Any CPU
		{4AA7C8FA-899E-4FB8-A1CF-D7D1B7546841}.Debug|Any CPU.ActiveCfg = Debug|Any CPU
		{4AA7C8FA-899E-4FB8-A1CF-D7D1B7546841}.Debug|Any CPU.Build.0 = Debug|Any CPU
		{4AA7C8FA-899E-4FB8-A1CF-D7D1B7546841}.Release|Any CPU.ActiveCfg = Release|Any CPU
		{4AA7C8FA-899E-4FB8-A1CF-D7D1B7546841}.Release|Any CPU.Build.0 = Release|Any CPU
		{83B3F47D-5378-4F0B-BF22-14218A273155}.Debug|Any CPU.ActiveCfg = Debug|Any CPU
		{83B3F47D-5378-4F0B-BF22-14218A273155}.Debug|Any CPU.Build.0 = Debug|Any CPU
		{83B3F47D-5378-4F0B-BF22-14218A273155}.Release|Any CPU.ActiveCfg = Release|Any CPU
		{83B3F47D-5378-4F0B-BF22-14218A273155}.Release|Any CPU.Build.0 = Release|Any CPU
		{3CBFA80D-DE54-4FD7-A6F2-AA0B2E84C907}.Debug|Any CPU.ActiveCfg = Debug|Any CPU
		{3CBFA80D-DE54-4FD7-A6F2-AA0B2E84C907}.Debug|Any CPU.Build.0 = Debug|Any CPU
		{3CBFA80D-DE54-4FD7-A6F2-AA0B2E84C907}.Release|Any CPU.ActiveCfg = Release|Any CPU
		{3CBFA80D-DE54-4FD7-A6F2-AA0B2E84C907}.Release|Any CPU.Build.0 = Release|Any CPU
		{ADC52445-6C9F-468B-9220-5FB06B14EB9F}.Debug|Any CPU.ActiveCfg = Debug|Any CPU
		{ADC52445-6C9F-468B-9220-5FB06B14EB9F}.Debug|Any CPU.Build.0 = Debug|Any CPU
		{ADC52445-6C9F-468B-9220-5FB06B14EB9F}.Release|Any CPU.ActiveCfg = Release|Any CPU
		{ADC52445-6C9F-468B-9220-5FB06B14EB9F}.Release|Any CPU.Build.0 = Release|Any CPU
		{95E88A67-12B3-49E1-B7B5-F6AB29D3DD35}.Debug|Any CPU.ActiveCfg = Debug|Any CPU
		{95E88A67-12B3-49E1-B7B5-F6AB29D3DD35}.Debug|Any CPU.Build.0 = Debug|Any CPU
		{95E88A67-12B3-49E1-B7B5-F6AB29D3DD35}.Release|Any CPU.ActiveCfg = Release|Any CPU
		{95E88A67-12B3-49E1-B7B5-F6AB29D3DD35}.Release|Any CPU.Build.0 = Release|Any CPU
		{311C3FA5-007E-4370-82C1-E8453733D124}.Debug|Any CPU.ActiveCfg = Debug|Any CPU
		{311C3FA5-007E-4370-82C1-E8453733D124}.Debug|Any CPU.Build.0 = Debug|Any CPU
		{311C3FA5-007E-4370-82C1-E8453733D124}.Release|Any CPU.ActiveCfg = Release|Any CPU
		{311C3FA5-007E-4370-82C1-E8453733D124}.Release|Any CPU.Build.0 = Release|Any CPU
	EndGlobalSection
	GlobalSection(SolutionProperties) = preSolution
		HideSolutionNode = FALSE
	EndGlobalSection
	GlobalSection(ExtensibilityGlobals) = postSolution
		SolutionGuid = {7802E060-B32E-4264-9413-5BDD29EBC352}
	EndGlobalSection
EndGlobal
